
Microsoft Visual Studio Solution File, Format Version 12.00
# Visual Studio 15
VisualStudioVersion = 15.0.27130.2027
MinimumVisualStudioVersion = 10.0.40219.1
Project("{FAE04EC0-301F-11D3-BF4B-00C04F79EFBC}") = "SecureShare.WebAPI", "SecureShare.WebAPI\SecureShare.WebAPI.csproj", "{DA51BE33-39E9-4C98-982D-E8099BCF3E4C}"
EndProject
Project("{FAE04EC0-301F-11D3-BF4B-00C04F79EFBC}") = "SecureShare.WebAPI.Core", "SecureShare.WebApi.Core\SecureShare.WebAPI.Core.csproj", "{2D6BCDB3-6667-4709-9040-FE7571C359B7}"
EndProject
Project("{FAE04EC0-301F-11D3-BF4B-00C04F79EFBC}") = "SecureShare.WebAPI.Services", "SecureShare.WebAPI.Services\SecureShare.WebAPI.Services.csproj", "{709948F0-8BFC-4EBC-8E24-4590642E5FFA}"
EndProject
Project("{FAE04EC0-301F-11D3-BF4B-00C04F79EFBC}") = "SecureShare.WebAPI.Test", "SecureShare.WebAPI.Test\SecureShare.WebAPI.Test.csproj", "{4D01EBE1-10E2-4F82-8A13-05FA42FBCE39}"
EndProject
Global
	GlobalSection(SolutionConfigurationPlatforms) = preSolution
		Debug|Any CPU = Debug|Any CPU
		Release|Any CPU = Release|Any CPU
	EndGlobalSection
	GlobalSection(ProjectConfigurationPlatforms) = postSolution
		{DA51BE33-39E9-4C98-982D-E8099BCF3E4C}.Debug|Any CPU.ActiveCfg = Debug|Any CPU
		{DA51BE33-39E9-4C98-982D-E8099BCF3E4C}.Debug|Any CPU.Build.0 = Debug|Any CPU
		{DA51BE33-39E9-4C98-982D-E8099BCF3E4C}.Release|Any CPU.ActiveCfg = Release|Any CPU
		{DA51BE33-39E9-4C98-982D-E8099BCF3E4C}.Release|Any CPU.Build.0 = Release|Any CPU
		{2D6BCDB3-6667-4709-9040-FE7571C359B7}.Debug|Any CPU.ActiveCfg = Debug|Any CPU
		{2D6BCDB3-6667-4709-9040-FE7571C359B7}.Debug|Any CPU.Build.0 = Debug|Any CPU
		{2D6BCDB3-6667-4709-9040-FE7571C359B7}.Release|Any CPU.ActiveCfg = Release|Any CPU
		{2D6BCDB3-6667-4709-9040-FE7571C359B7}.Release|Any CPU.Build.0 = Release|Any CPU
		{709948F0-8BFC-4EBC-8E24-4590642E5FFA}.Debug|Any CPU.ActiveCfg = Debug|Any CPU
		{709948F0-8BFC-4EBC-8E24-4590642E5FFA}.Debug|Any CPU.Build.0 = Debug|Any CPU
		{709948F0-8BFC-4EBC-8E24-4590642E5FFA}.Release|Any CPU.ActiveCfg = Release|Any CPU
		{709948F0-8BFC-4EBC-8E24-4590642E5FFA}.Release|Any CPU.Build.0 = Release|Any CPU
		{4D01EBE1-10E2-4F82-8A13-05FA42FBCE39}.Debug|Any CPU.ActiveCfg = Debug|Any CPU
		{4D01EBE1-10E2-4F82-8A13-05FA42FBCE39}.Debug|Any CPU.Build.0 = Debug|Any CPU
		{4D01EBE1-10E2-4F82-8A13-05FA42FBCE39}.Release|Any CPU.ActiveCfg = Release|Any CPU
		{4D01EBE1-10E2-4F82-8A13-05FA42FBCE39}.Release|Any CPU.Build.0 = Release|Any CPU
	EndGlobalSection
	GlobalSection(SolutionProperties) = preSolution
		HideSolutionNode = FALSE
	EndGlobalSection
	GlobalSection(ExtensibilityGlobals) = postSolution
		SolutionGuid = {69E97840-8531-45EF-BD07-37DE8AD2C76F}
	EndGlobalSection
EndGlobal
